
Microsoft Visual Studio Solution File, Format Version 12.00
# Visual Studio Version 16
VisualStudioVersion = 16.0.31005.135
MinimumVisualStudioVersion = 10.0.40219.1
Project("{9A19103F-16F7-4668-BE54-9A1E7A4F7556}") = "DataAccess", "DataAccess\DataAccess.csproj", "{79F17C46-C738-4F82-974E-86ECBEA92258}"
EndProject
Project("{9A19103F-16F7-4668-BE54-9A1E7A4F7556}") = "Business", "Business\Business.csproj", "{148ED2BC-5FA4-425F-9B4C-E0E96FCA5E36}"
EndProject
Project("{9A19103F-16F7-4668-BE54-9A1E7A4F7556}") = "Entities", "Entities\Entities.csproj", "{203561CD-20F2-4820-B6E5-2E8A1C2BAD62}"
EndProject
Project("{9A19103F-16F7-4668-BE54-9A1E7A4F7556}") = "ConsoleUI", "ConsoleUI\ConsoleUI.csproj", "{7CD6CB6D-8B4E-451C-99CC-79477DBB480D}"
EndProject
Project("{FAE04EC0-301F-11D3-BF4B-00C04F79EFBC}") = "Core", "Core\Core.csproj", "{727FFF24-3D0C-4DB6-9C66-681A1C9D2C85}"
EndProject
Global
	GlobalSection(SolutionConfigurationPlatforms) = preSolution
		Debug|Any CPU = Debug|Any CPU
		Release|Any CPU = Release|Any CPU
	EndGlobalSection
	GlobalSection(ProjectConfigurationPlatforms) = postSolution
		{79F17C46-C738-4F82-974E-86ECBEA92258}.Debug|Any CPU.ActiveCfg = Debug|Any CPU
		{79F17C46-C738-4F82-974E-86ECBEA92258}.Debug|Any CPU.Build.0 = Debug|Any CPU
		{79F17C46-C738-4F82-974E-86ECBEA92258}.Release|Any CPU.ActiveCfg = Release|Any CPU
		{79F17C46-C738-4F82-974E-86ECBEA92258}.Release|Any CPU.Build.0 = Release|Any CPU
		{148ED2BC-5FA4-425F-9B4C-E0E96FCA5E36}.Debug|Any CPU.ActiveCfg = Debug|Any CPU
		{148ED2BC-5FA4-425F-9B4C-E0E96FCA5E36}.Debug|Any CPU.Build.0 = Debug|Any CPU
		{148ED2BC-5FA4-425F-9B4C-E0E96FCA5E36}.Release|Any CPU.ActiveCfg = Release|Any CPU
		{148ED2BC-5FA4-425F-9B4C-E0E96FCA5E36}.Release|Any CPU.Build.0 = Release|Any CPU
		{203561CD-20F2-4820-B6E5-2E8A1C2BAD62}.Debug|Any CPU.ActiveCfg = Debug|Any CPU
		{203561CD-20F2-4820-B6E5-2E8A1C2BAD62}.Debug|Any CPU.Build.0 = Debug|Any CPU
		{203561CD-20F2-4820-B6E5-2E8A1C2BAD62}.Release|Any CPU.ActiveCfg = Release|Any CPU
		{203561CD-20F2-4820-B6E5-2E8A1C2BAD62}.Release|Any CPU.Build.0 = Release|Any CPU
		{7CD6CB6D-8B4E-451C-99CC-79477DBB480D}.Debug|Any CPU.ActiveCfg = Debug|Any CPU
		{7CD6CB6D-8B4E-451C-99CC-79477DBB480D}.Debug|Any CPU.Build.0 = Debug|Any CPU
		{7CD6CB6D-8B4E-451C-99CC-79477DBB480D}.Release|Any CPU.ActiveCfg = Release|Any CPU
		{7CD6CB6D-8B4E-451C-99CC-79477DBB480D}.Release|Any CPU.Build.0 = Release|Any CPU
		{727FFF24-3D0C-4DB6-9C66-681A1C9D2C85}.Debug|Any CPU.ActiveCfg = Debug|Any CPU
		{727FFF24-3D0C-4DB6-9C66-681A1C9D2C85}.Debug|Any CPU.Build.0 = Debug|Any CPU
		{727FFF24-3D0C-4DB6-9C66-681A1C9D2C85}.Release|Any CPU.ActiveCfg = Release|Any CPU
		{727FFF24-3D0C-4DB6-9C66-681A1C9D2C85}.Release|Any CPU.Build.0 = Release|Any CPU
	EndGlobalSection
	GlobalSection(SolutionProperties) = preSolution
		HideSolutionNode = FALSE
	EndGlobalSection
	GlobalSection(ExtensibilityGlobals) = postSolution
		SolutionGuid = {87CD1A82-5D3D-4EA9-8FA3-9742FB089363}
	EndGlobalSection
EndGlobal
